
Microsoft Visual Studio Solution File, Format Version 12.00
# Visual Studio 15
VisualStudioVersion = 15.0.28307.705
MinimumVisualStudioVersion = 10.0.40219.1
Project("{2150E333-8FDC-42A3-9474-1A3956D46DE8}") = "Creacionales", "Creacionales", "{71366EBD-D8D7-4F9E-836C-0CE45E321CD2}"
EndProject
Project("{2150E333-8FDC-42A3-9474-1A3956D46DE8}") = "Estructurales", "Estructurales", "{F089F656-6B6E-48D7-BD70-E2BACE24E0E5}"
EndProject
Project("{2150E333-8FDC-42A3-9474-1A3956D46DE8}") = "Comportamiento", "Comportamiento", "{E166B468-EA57-49AC-A82A-76101BF0EF74}"
EndProject
Project("{FAE04EC0-301F-11D3-BF4B-00C04F79EFBC}") = "Abstract Factory", "Abstract Factory\Abstract Factory.csproj", "{026AE8BE-7F85-45C1-A226-5D3079C508B5}"
EndProject
Project("{FAE04EC0-301F-11D3-BF4B-00C04F79EFBC}") = "Prototype", "Prototype\Prototype.csproj", "{02BD8F53-6242-48BA-A574-59E055653813}"
EndProject
Project("{FAE04EC0-301F-11D3-BF4B-00C04F79EFBC}") = "Singleton", "Singleton\Singleton.csproj", "{678D1F60-15EC-4504-ADAA-EC27A7726D7F}"
EndProject
Project("{FAE04EC0-301F-11D3-BF4B-00C04F79EFBC}") = "Adapter", "Adapter\Adapter.csproj", "{D79FF93B-19F2-4E60-9002-400EA26789A2}"
EndProject
Project("{FAE04EC0-301F-11D3-BF4B-00C04F79EFBC}") = "Decorator", "Decorator\Decorator.csproj", "{41128E0E-9FA5-4BD8-B20A-581E900F399C}"
EndProject
Project("{FAE04EC0-301F-11D3-BF4B-00C04F79EFBC}") = "Proxy", "Proxy\Proxy.csproj", "{F1F694CA-08D9-4F86-8E4F-7E1AD587BAF5}"
EndProject
Project("{FAE04EC0-301F-11D3-BF4B-00C04F79EFBC}") = "Mediador", "Mediador\Mediador.csproj", "{CF043B00-78E1-4CF1-B6C2-6BF94192C4EB}"
EndProject
Project("{FAE04EC0-301F-11D3-BF4B-00C04F79EFBC}") = "Strategy", "Strategy\Strategy.csproj", "{B2C8402F-8B65-43BD-BF7D-5C620230AB0F}"
EndProject
Project("{FAE04EC0-301F-11D3-BF4B-00C04F79EFBC}") = "Visitor", "Visitor\Visitor.csproj", "{5BDF7A9F-F4E8-4112-95D0-8661599BA993}"
EndProject
Global
	GlobalSection(SolutionConfigurationPlatforms) = preSolution
		Debug|Any CPU = Debug|Any CPU
		Release|Any CPU = Release|Any CPU
	EndGlobalSection
	GlobalSection(ProjectConfigurationPlatforms) = postSolution
		{026AE8BE-7F85-45C1-A226-5D3079C508B5}.Debug|Any CPU.ActiveCfg = Debug|Any CPU
		{026AE8BE-7F85-45C1-A226-5D3079C508B5}.Debug|Any CPU.Build.0 = Debug|Any CPU
		{026AE8BE-7F85-45C1-A226-5D3079C508B5}.Release|Any CPU.ActiveCfg = Release|Any CPU
		{026AE8BE-7F85-45C1-A226-5D3079C508B5}.Release|Any CPU.Build.0 = Release|Any CPU
		{02BD8F53-6242-48BA-A574-59E055653813}.Debug|Any CPU.ActiveCfg = Debug|Any CPU
		{02BD8F53-6242-48BA-A574-59E055653813}.Debug|Any CPU.Build.0 = Debug|Any CPU
		{02BD8F53-6242-48BA-A574-59E055653813}.Release|Any CPU.ActiveCfg = Release|Any CPU
		{02BD8F53-6242-48BA-A574-59E055653813}.Release|Any CPU.Build.0 = Release|Any CPU
		{678D1F60-15EC-4504-ADAA-EC27A7726D7F}.Debug|Any CPU.ActiveCfg = Debug|Any CPU
		{678D1F60-15EC-4504-ADAA-EC27A7726D7F}.Debug|Any CPU.Build.0 = Debug|Any CPU
		{678D1F60-15EC-4504-ADAA-EC27A7726D7F}.Release|Any CPU.ActiveCfg = Release|Any CPU
		{678D1F60-15EC-4504-ADAA-EC27A7726D7F}.Release|Any CPU.Build.0 = Release|Any CPU
		{D79FF93B-19F2-4E60-9002-400EA26789A2}.Debug|Any CPU.ActiveCfg = Debug|Any CPU
		{D79FF93B-19F2-4E60-9002-400EA26789A2}.Debug|Any CPU.Build.0 = Debug|Any CPU
		{D79FF93B-19F2-4E60-9002-400EA26789A2}.Release|Any CPU.ActiveCfg = Release|Any CPU
		{D79FF93B-19F2-4E60-9002-400EA26789A2}.Release|Any CPU.Build.0 = Release|Any CPU
		{41128E0E-9FA5-4BD8-B20A-581E900F399C}.Debug|Any CPU.ActiveCfg = Debug|Any CPU
		{41128E0E-9FA5-4BD8-B20A-581E900F399C}.Debug|Any CPU.Build.0 = Debug|Any CPU
		{41128E0E-9FA5-4BD8-B20A-581E900F399C}.Release|Any CPU.ActiveCfg = Release|Any CPU
		{41128E0E-9FA5-4BD8-B20A-581E900F399C}.Release|Any CPU.Build.0 = Release|Any CPU
		{F1F694CA-08D9-4F86-8E4F-7E1AD587BAF5}.Debug|Any CPU.ActiveCfg = Debug|Any CPU
		{F1F694CA-08D9-4F86-8E4F-7E1AD587BAF5}.Debug|Any CPU.Build.0 = Debug|Any CPU
		{F1F694CA-08D9-4F86-8E4F-7E1AD587BAF5}.Release|Any CPU.ActiveCfg = Release|Any CPU
		{F1F694CA-08D9-4F86-8E4F-7E1AD587BAF5}.Release|Any CPU.Build.0 = Release|Any CPU
		{CF043B00-78E1-4CF1-B6C2-6BF94192C4EB}.Debug|Any CPU.ActiveCfg = Debug|Any CPU
		{CF043B00-78E1-4CF1-B6C2-6BF94192C4EB}.Debug|Any CPU.Build.0 = Debug|Any CPU
		{CF043B00-78E1-4CF1-B6C2-6BF94192C4EB}.Release|Any CPU.ActiveCfg = Release|Any CPU
		{CF043B00-78E1-4CF1-B6C2-6BF94192C4EB}.Release|Any CPU.Build.0 = Release|Any CPU
		{B2C8402F-8B65-43BD-BF7D-5C620230AB0F}.Debug|Any CPU.ActiveCfg = Debug|Any CPU
		{B2C8402F-8B65-43BD-BF7D-5C620230AB0F}.Debug|Any CPU.Build.0 = Debug|Any CPU
		{B2C8402F-8B65-43BD-BF7D-5C620230AB0F}.Release|Any CPU.ActiveCfg = Release|Any CPU
		{B2C8402F-8B65-43BD-BF7D-5C620230AB0F}.Release|Any CPU.Build.0 = Release|Any CPU
		{5BDF7A9F-F4E8-4112-95D0-8661599BA993}.Debug|Any CPU.ActiveCfg = Debug|Any CPU
		{5BDF7A9F-F4E8-4112-95D0-8661599BA993}.Debug|Any CPU.Build.0 = Debug|Any CPU
		{5BDF7A9F-F4E8-4112-95D0-8661599BA993}.Release|Any CPU.ActiveCfg = Release|Any CPU
		{5BDF7A9F-F4E8-4112-95D0-8661599BA993}.Release|Any CPU.Build.0 = Release|Any CPU
	EndGlobalSection
	GlobalSection(SolutionProperties) = preSolution
		HideSolutionNode = FALSE
	EndGlobalSection
	GlobalSection(NestedProjects) = preSolution
		{026AE8BE-7F85-45C1-A226-5D3079C508B5} = {71366EBD-D8D7-4F9E-836C-0CE45E321CD2}
		{02BD8F53-6242-48BA-A574-59E055653813} = {71366EBD-D8D7-4F9E-836C-0CE45E321CD2}
		{678D1F60-15EC-4504-ADAA-EC27A7726D7F} = {71366EBD-D8D7-4F9E-836C-0CE45E321CD2}
		{D79FF93B-19F2-4E60-9002-400EA26789A2} = {E166B468-EA57-49AC-A82A-76101BF0EF74}
		{41128E0E-9FA5-4BD8-B20A-581E900F399C} = {E166B468-EA57-49AC-A82A-76101BF0EF74}
		{F1F694CA-08D9-4F86-8E4F-7E1AD587BAF5} = {E166B468-EA57-49AC-A82A-76101BF0EF74}
		{CF043B00-78E1-4CF1-B6C2-6BF94192C4EB} = {F089F656-6B6E-48D7-BD70-E2BACE24E0E5}
		{B2C8402F-8B65-43BD-BF7D-5C620230AB0F} = {F089F656-6B6E-48D7-BD70-E2BACE24E0E5}
		{5BDF7A9F-F4E8-4112-95D0-8661599BA993} = {F089F656-6B6E-48D7-BD70-E2BACE24E0E5}
	EndGlobalSection
	GlobalSection(ExtensibilityGlobals) = postSolution
		SolutionGuid = {0199BE86-B96D-44F4-868C-CE5788404581}
	EndGlobalSection
EndGlobal
